
Microsoft Visual Studio Solution File, Format Version 12.00
# Visual Studio Version 16
VisualStudioVersion = 16.0.30804.86
MinimumVisualStudioVersion = 10.0.40219.1
Project("{FAE04EC0-301F-11D3-BF4B-00C04F79EFBC}") = "Day017", "Day017.csproj", "{7F77E41F-2FDA-4615-9647-24E0AEC1415B}"
EndProject
Global
	GlobalSection(SolutionConfigurationPlatforms) = preSolution
		Debug|Any CPU = Debug|Any CPU
		Release|Any CPU = Release|Any CPU
	EndGlobalSection
	GlobalSection(ProjectConfigurationPlatforms) = postSolution
		{7F77E41F-2FDA-4615-9647-24E0AEC1415B}.Debug|Any CPU.ActiveCfg = Debug|Any CPU
		{7F77E41F-2FDA-4615-9647-24E0AEC1415B}.Debug|Any CPU.Build.0 = Debug|Any CPU
		{7F77E41F-2FDA-4615-9647-24E0AEC1415B}.Release|Any CPU.ActiveCfg = Release|Any CPU
		{7F77E41F-2FDA-4615-9647-24E0AEC1415B}.Release|Any CPU.Build.0 = Release|Any CPU
	EndGlobalSection
	GlobalSection(SolutionProperties) = preSolution
		HideSolutionNode = FALSE
	EndGlobalSection
	GlobalSection(ExtensibilityGlobals) = postSolution
		SolutionGuid = {8694C347-DFBE-4E21-A5F2-03F1F914F3D7}
	EndGlobalSection
EndGlobal
